<?xml version="1.0" encoding="utf-8"?>
<Project ToolsVersion="4.0" xmlns="http://schemas.microsoft.com/developer/msbuild/2003">
  <ItemGroup>
    <Filter Include="Source Files">
      <UniqueIdentifier>{4FC737F1-C7A5-4376-A066-2A32D752A2FF}</UniqueIdentifier>
      <Extensions>cpp;c;cc;cxx;def;odl;idl;hpj;bat;asm;asmx</Extensions>
    </Filter>
    <Filter Include="Header Files">
      <UniqueIdentifier>{93995380-89BD-4b04-88EB-625FBE52EBFB}</UniqueIdentifier>
      <Extensions>h;hh;hpp;hxx;hm;inl;inc;xsd</Extensions>
    </Filter>
    <Filter Include="Header Files\Game">
      <UniqueIdentifier>{b829e0a6-0f1e-4675-b565-5096d0a070e2}</UniqueIdentifier>
    </Filter>
    <Filter Include="Source Files\Game">
      <UniqueIdentifier>{c2750790-818e-4016-af08-a1ffe3000768}</UniqueIdentifier>
    </Filter>
    <Filter Include="Header Files\Player">
      <UniqueIdentifier>{c54dc93c-5684-476a-932b-f34e9df27b07}</UniqueIdentifier>
    </Filter>
    <Filter Include="Source Files\Player">
      <UniqueIdentifier>{979c221c-0b4a-47d9-a0aa-739e17a0a7fb}</UniqueIdentifier>
    </Filter>
    <Filter Include="Header Files\Player\Components">
      <UniqueIdentifier>{6c149d87-14d8-4b4c-9243-c34dd3de847a}</UniqueIdentifier>
    </Filter>
    <Filter Include="Header Files\Player\Entities">
      <UniqueIdentifier>{2b687ba9-e48e-43e6-9f55-16efe87a2ecc}</UniqueIdentifier>
    </Filter>
    <Filter Include="Source Files\Player\Entities">
      <UniqueIdentifier>{ebb9d089-3074-42b2-bf27-ea34e0a583a3}</UniqueIdentifier>
    </Filter>
    <Filter Include="Source Files\Player\Components">
      <UniqueIdentifier>{149409b2-a1a1-44d1-9d29-c20c26238793}</UniqueIdentifier>
    </Filter>
  </ItemGroup>
  <ItemGroup>
    <ClCompile Include="Game.cpp">
      <Filter>Source Files\Game</Filter>
    </ClCompile>
    <ClCompile Include="main.cpp">
      <Filter>Source Files\Game</Filter>
    </ClCompile>
    <ClCompile Include="Player.cpp">
      <Filter>Source Files\Player\Entities</Filter>
    </ClCompile>
    <ClCompile Include="PlayerGraphicsComponent.cpp">
      <Filter>Source Files\Player\Components</Filter>
    </ClCompile>
    <ClCompile Include="PlayerInputComponent.cpp">
      <Filter>Source Files\Player\Components</Filter>
    </ClCompile>
    <ClCompile Include="PlayerPhysicsComponent.cpp">
      <Filter>Source Files\Player\Components</Filter>
    </ClCompile>
    <ClCompile Include="PlayerStateComponent.cpp">
      <Filter>Source Files\Player\Components</Filter>
    </ClCompile>
  </ItemGroup>
  <ItemGroup>
    <ClInclude Include="Game.h">
      <Filter>Header Files\Game</Filter>
    </ClInclude>
    <ClInclude Include="Player.h">
      <Filter>Header Files\Player\Entities</Filter>
    </ClInclude>
    <ClInclude Include="PlayerGraphicsComponent.h">
      <Filter>Header Files\Player\Components</Filter>
    </ClInclude>
    <ClInclude Include="PlayerInputComponent.h">
      <Filter>Header Files\Player\Components</Filter>
    </ClInclude>
    <ClInclude Include="PlayerPhysicsComponent.h">
      <Filter>Header Files\Player\Components</Filter>
    </ClInclude>
    <ClInclude Include="PlayerStateComponent.h">
      <Filter>Header Files\Player\Components</Filter>
    </ClInclude>
  </ItemGroup>
</Project>